// !$*UTF8*$!
{
	archiveVersion = 1;
	classes = {
	};
	objectVersion = 46;
	objects = {

/* Begin PBXBuildFile section */
		E4D9AA381C8831AB00998350 /* main.m in Sources */ = {isa = PBXBuildFile; fileRef = E4D9AA371C8831AB00998350 /* main.m */; };
		E4D9AA3B1C8831AB00998350 /* AppDelegate.m in Sources */ = {isa = PBXBuildFile; fileRef = E4D9AA3A1C8831AB00998350 /* AppDelegate.m */; };
		E4D9AA3E1C8831AB00998350 /* ViewController.m in Sources */ = {isa = PBXBuildFile; fileRef = E4D9AA3D1C8831AB00998350 /* ViewController.m */; };
		E4D9AA411C8831AB00998350 /* Main.storyboard in Resources */ = {isa = PBXBuildFile; fileRef = E4D9AA3F1C8831AB00998350 /* Main.storyboard */; };
		E4D9AA431C8831AB00998350 /* Assets.xcassets in Resources */ = {isa = PBXBuildFile; fileRef = E4D9AA421C8831AB00998350 /* Assets.xcassets */; };
		E4D9AA461C8831AB00998350 /* LaunchScreen.storyboard in Resources */ = {isa = PBXBuildFile; fileRef = E4D9AA441C8831AB00998350 /* LaunchScreen.storyboard */; };
		E4D9AA4F1C88322B00998350 /* SecondViewController.swift in Sources */ = {isa = PBXBuildFile; fileRef = E4D9AA4E1C88322B00998350 /* SecondViewController.swift */; };
		E4D9AA581C8832A400998350 /* TRCPlusPlusTest.cpp in Sources */ = {isa = PBXBuildFile; fileRef = E4D9AA501C8832A400998350 /* TRCPlusPlusTest.cpp */; };
		E4D9AA591C8832A400998350 /* TRCTest.c in Sources */ = {isa = PBXBuildFile; fileRef = E4D9AA521C8832A400998350 /* TRCTest.c */; };
		E4D9AA5A1C8832A400998350 /* TRObjcObject.mm in Sources */ = {isa = PBXBuildFile; fileRef = E4D9AA551C8832A400998350 /* TRObjcObject.mm */; };
		E4D9AA5B1C8832A400998350 /* TRObjcTest.mm in Sources */ = {isa = PBXBuildFile; fileRef = E4D9AA571C8832A400998350 /* TRObjcTest.mm */; };
/* End PBXBuildFile section */

/* Begin PBXFileReference section */
		E4D9AA331C8831AB00998350 /* iOSMixedProgrammingDemo.app */ = {isa = PBXFileReference; explicitFileType = wrapper.application; includeInIndex = 0; path = iOSMixedProgrammingDemo.app; sourceTree = BUILT_PRODUCTS_DIR; };
		E4D9AA371C8831AB00998350 /* main.m */ = {isa = PBXFileReference; lastKnownFileType = sourcecode.c.objc; path = main.m; sourceTree = "<group>"; };
		E4D9AA391C8831AB00998350 /* AppDelegate.h */ = {isa = PBXFileReference; lastKnownFileType = sourcecode.c.h; path = AppDelegate.h; sourceTree = "<group>"; };
		E4D9AA3A1C8831AB00998350 /* AppDelegate.m */ = {isa = PBXFileReference; lastKnownFileType = sourcecode.c.objc; path = AppDelegate.m; sourceTree = "<group>"; };
		E4D9AA3C1C8831AB00998350 /* ViewController.h */ = {isa = PBXFileReference; lastKnownFileType = sourcecode.c.h; path = ViewController.h; sourceTree = "<group>"; };
		E4D9AA3D1C8831AB00998350 /* ViewController.m */ = {isa = PBXFileReference; lastKnownFileType = sourcecode.c.objc; path = ViewController.m; sourceTree = "<group>"; };
		E4D9AA401C8831AB00998350 /* Base */ = {isa = PBXFileReference; lastKnownFileType = file.storyboard; name = Base; path = Base.lproj/Main.storyboard; sourceTree = "<group>"; };
		E4D9AA421C8831AB00998350 /* Assets.xcassets */ = {isa = PBXFileReference; lastKnownFileType = folder.assetcatalog; path = Assets.xcassets; sourceTree = "<group>"; };
		E4D9AA451C8831AB00998350 /* Base */ = {isa = PBXFileReference; lastKnownFileType = file.storyboard; name = Base; path = Base.lproj/LaunchScreen.storyboard; sourceTree = "<group>"; };
		E4D9AA471C8831AB00998350 /* Info.plist */ = {isa = PBXFileReference; lastKnownFileType = text.plist.xml; path = Info.plist; sourceTree = "<group>"; };
		E4D9AA4D1C88322A00998350 /* iOSMixedProgrammingDemo-Bridging-Header.h */ = {isa = PBXFileReference; lastKnownFileType = sourcecode.c.h; path = "iOSMixedProgrammingDemo-Bridging-Header.h"; sourceTree = "<group>"; };
		E4D9AA4E1C88322B00998350 /* SecondViewController.swift */ = {isa = PBXFileReference; fileEncoding = 4; lastKnownFileType = sourcecode.swift; path = SecondViewController.swift; sourceTree = "<group>"; };
		E4D9AA501C8832A400998350 /* TRCPlusPlusTest.cpp */ = {isa = PBXFileReference; fileEncoding = 4; lastKnownFileType = sourcecode.cpp.cpp; path = TRCPlusPlusTest.cpp; sourceTree = "<group>"; };
		E4D9AA511C8832A400998350 /* TRCPlusPlusTest.hpp */ = {isa = PBXFileReference; fileEncoding = 4; lastKnownFileType = sourcecode.cpp.h; path = TRCPlusPlusTest.hpp; sourceTree = "<group>"; };
		E4D9AA521C8832A400998350 /* TRCTest.c */ = {isa = PBXFileReference; fileEncoding = 4; lastKnownFileType = sourcecode.c.c; path = TRCTest.c; sourceTree = "<group>"; };
		E4D9AA531C8832A400998350 /* TRCTest.h */ = {isa = PBXFileReference; fileEncoding = 4; lastKnownFileType = sourcecode.c.h; path = TRCTest.h; sourceTree = "<group>"; };
		E4D9AA541C8832A400998350 /* TRObjcObject.h */ = {isa = PBXFileReference; fileEncoding = 4; lastKnownFileType = sourcecode.c.h; path = TRObjcObject.h; sourceTree = "<group>"; };
		E4D9AA551C8832A400998350 /* TRObjcObject.mm */ = {isa = PBXFileReference; fileEncoding = 4; lastKnownFileType = sourcecode.cpp.objcpp; path = TRObjcObject.mm; sourceTree = "<group>"; };
		E4D9AA561C8832A400998350 /* TRObjcTest.h */ = {isa = PBXFileReference; fileEncoding = 4; lastKnownFileType = sourcecode.c.h; path = TRObjcTest.h; sourceTree = "<group>"; };
		E4D9AA571C8832A400998350 /* TRObjcTest.mm */ = {isa = PBXFileReference; fileEncoding = 4; lastKnownFileType = sourcecode.cpp.objcpp; path = TRObjcTest.mm; sourceTree = "<group>"; };
/* End PBXFileReference section */

/* Begin PBXFrameworksBuildPhase section */
		E4D9AA301C8831AB00998350 /* Frameworks */ = {
			isa = PBXFrameworksBuildPhase;
			buildActionMask = 2147483647;
			files = (
			);
			runOnlyForDeploymentPostprocessing = 0;
		};
/* End PBXFrameworksBuildPhase section */

/* Begin PBXGroup section */
		E4D9AA2A1C8831AA00998350 = {
			isa = PBXGroup;
			children = (
				E4D9AA351C8831AB00998350 /* iOSMixedProgrammingDemo */,
				E4D9AA341C8831AB00998350 /* Products */,
			);
			sourceTree = "<group>";
		};
		E4D9AA341C8831AB00998350 /* Products */ = {
			isa = PBXGroup;
			children = (
				E4D9AA331C8831AB00998350 /* iOSMixedProgrammingDemo.app */,
			);
			name = Products;
			sourceTree = "<group>";
		};
		E4D9AA351C8831AB00998350 /* iOSMixedProgrammingDemo */ = {
			isa = PBXGroup;
			children = (
				E4D9AA391C8831AB00998350 /* AppDelegate.h */,
				E4D9AA3A1C8831AB00998350 /* AppDelegate.m */,
				E4D9AA3C1C8831AB00998350 /* ViewController.h */,
				E4D9AA3D1C8831AB00998350 /* ViewController.m */,
				E4D9AA4E1C88322B00998350 /* SecondViewController.swift */,
				E4D9AA501C8832A400998350 /* TRCPlusPlusTest.cpp */,
				E4D9AA511C8832A400998350 /* TRCPlusPlusTest.hpp */,
				E4D9AA521C8832A400998350 /* TRCTest.c */,
				E4D9AA531C8832A400998350 /* TRCTest.h */,
				E4D9AA541C8832A400998350 /* TRObjcObject.h */,
				E4D9AA551C8832A400998350 /* TRObjcObject.mm */,
				E4D9AA561C8832A400998350 /* TRObjcTest.h */,
				E4D9AA571C8832A400998350 /* TRObjcTest.mm */,
				E4D9AA3F1C8831AB00998350 /* Main.storyboard */,
				E4D9AA421C8831AB00998350 /* Assets.xcassets */,
				E4D9AA441C8831AB00998350 /* LaunchScreen.storyboard */,
				E4D9AA471C8831AB00998350 /* Info.plist */,
				E4D9AA361C8831AB00998350 /* Supporting Files */,
				E4D9AA4D1C88322A00998350 /* iOSMixedProgrammingDemo-Bridging-Header.h */,
			);
			path = iOSMixedProgrammingDemo;
			sourceTree = "<group>";
		};
		E4D9AA361C8831AB00998350 /* Supporting Files */ = {
			isa = PBXGroup;
			children = (
				E4D9AA371C8831AB00998350 /* main.m */,
			);
			name = "Supporting Files";
			sourceTree = "<group>";
		};
/* End PBXGroup section */

/* Begin PBXNativeTarget section */
		E4D9AA321C8831AB00998350 /* iOSMixedProgrammingDemo */ = {
			isa = PBXNativeTarget;
			buildConfigurationList = E4D9AA4A1C8831AB00998350 /* Build configuration list for PBXNativeTarget "iOSMixedProgrammingDemo" */;
			buildPhases = (
				E4D9AA2F1C8831AB00998350 /* Sources */,
				E4D9AA301C8831AB00998350 /* Frameworks */,
				E4D9AA311C8831AB00998350 /* Resources */,
			);
			buildRules = (
			);
			dependencies = (
			);
			name = iOSMixedProgrammingDemo;
			productName = iOSMixedProgrammingDemo;
			productReference = E4D9AA331C8831AB00998350 /* iOSMixedProgrammingDemo.app */;
			productType = "com.apple.product-type.application";
		};
/* End PBXNativeTarget section */

/* Begin PBXProject section */
		E4D9AA2B1C8831AA00998350 /* Project object */ = {
			isa = PBXProject;
			attributes = {
				CLASSPREFIX = CP;
				LastUpgradeCheck = 0720;
				ORGANIZATIONNAME = CP;
				TargetAttributes = {
					E4D9AA321C8831AB00998350 = {
						CreatedOnToolsVersion = 7.2.1;
					};
				};
			};
			buildConfigurationList = E4D9AA2E1C8831AA00998350 /* Build configuration list for PBXProject "iOSMixedProgrammingDemo" */;
			compatibilityVersion = "Xcode 3.2";
			developmentRegion = English;
			hasScannedForEncodings = 0;
			knownRegions = (
				en,
				Base,
			);
			mainGroup = E4D9AA2A1C8831AA00998350;
			productRefGroup = E4D9AA341C8831AB00998350 /* Products */;
			projectDirPath = "";
			projectRoot = "";
			targets = (
				E4D9AA321C8831AB00998350 /* iOSMixedProgrammingDemo */,
			);
		};
/* End PBXProject section */

/* Begin PBXResourcesBuildPhase section */
		E4D9AA311C8831AB00998350 /* Resources */ = {
			isa = PBXResourcesBuildPhase;
			buildActionMask = 2147483647;
			files = (
				E4D9AA461C8831AB00998350 /* LaunchScreen.storyboard in Resources */,
				E4D9AA431C8831AB00998350 /* Assets.xcassets in Resources */,
				E4D9AA411C8831AB00998350 /* Main.storyboard in Resources */,
			);
			runOnlyForDeploymentPostprocessing = 0;
		};
/* End PBXResourcesBuildPhase section */

/* Begin PBXSourcesBuildPhase section */
		E4D9AA2F1C8831AB00998350 /* Sources */ = {
			isa = PBXSourcesBuildPhase;
			buildActionMask = 2147483647;
			files = (
				E4D9AA5A1C8832A400998350 /* TRObjcObject.mm in Sources */,
				E4D9AA5B1C8832A400998350 /* TRObjcTest.mm in Sources */,
				E4D9AA4F1C88322B00998350 /* SecondViewController.swift in Sources */,
				E4D9AA591C8832A400998350 /* TRCTest.c in Sources */,
				E4D9AA3E1C8831AB00998350 /* ViewController.m in Sources */,
				E4D9AA581C8832A400998350 /* TRCPlusPlusTest.cpp in Sources */,
				E4D9AA3B1C8831AB00998350 /* AppDelegate.m in Sources */,
				E4D9AA381C8831AB00998350 /* main.m in Sources */,
			);
			runOnlyForDeploymentPostprocessing = 0;
		};
/* End PBXSourcesBuildPhase section */

/* Begin PBXVariantGroup section */
		E4D9AA3F1C8831AB00998350 /* Main.storyboard */ = {
			isa = PBXVariantGroup;
			children = (
				E4D9AA401C8831AB00998350 /* Base */,
			);
			name = Main.storyboard;
			sourceTree = "<group>";
		};
		E4D9AA441C8831AB00998350 /* LaunchScreen.storyboard */ = {
			isa = PBXVariantGroup;
			children = (
				E4D9AA451C8831AB00998350 /* Base */,
			);
			name = LaunchScreen.storyboard;
			sourceTree = "<group>";
		};
/* End PBXVariantGroup section */

/* Begin XCBuildConfiguration section */
		E4D9AA481C8831AB00998350 /* Debug */ = {
			isa = XCBuildConfiguration;
			buildSettings = {
				ALWAYS_SEARCH_USER_PATHS = NO;
				CLANG_CXX_LANGUAGE_STANDARD = "gnu++0x";
				CLANG_CXX_LIBRARY = "libc++";
				CLANG_ENABLE_MODULES = YES;
				CLANG_ENABLE_OBJC_ARC = YES;
				CLANG_WARN_BOOL_CONVERSION = YES;
				CLANG_WARN_CONSTANT_CONVERSION = YES;
				CLANG_WARN_DIRECT_OBJC_ISA_USAGE = YES_ERROR;
				CLANG_WARN_EMPTY_BODY = YES;
				CLANG_WARN_ENUM_CONVERSION = YES;
				CLANG_WARN_INT_CONVERSION = YES;
				CLANG_WARN_OBJC_ROOT_CLASS = YES_ERROR;
				CLANG_WARN_UNREACHABLE_CODE = YES;
				CLANG_WARN__DUPLICATE_METHOD_MATCH = YES;
				"CODE_SIGN_IDENTITY[sdk=iphoneos*]" = "iPhone Developer";
				COPY_PHASE_STRIP = NO;
				DEBUG_INFORMATION_FORMAT = dwarf;
				ENABLE_STRICT_OBJC_MSGSEND = YES;
				ENABLE_TESTABILITY = YES;
				GCC_C_LANGUAGE_STANDARD = gnu99;
				GCC_DYNAMIC_NO_PIC = NO;
				GCC_NO_COMMON_BLOCKS = YES;
				GCC_OPTIMIZATION_LEVEL = 0;
				GCC_PREPROCESSOR_DEFINITIONS = (
					"DEBUG=1",
					"$(inherited)",
				);
				GCC_WARN_64_TO_32_BIT_CONVERSION = YES;
				GCC_WARN_ABOUT_RETURN_TYPE = YES_ERROR;
				GCC_WARN_UNDECLARED_SELECTOR = YES;
				GCC_WARN_UNINITIALIZED_AUTOS = YES_AGGRESSIVE;
				GCC_WARN_UNUSED_FUNCTION = YES;
				GCC_WARN_UNUSED_VARIABLE = YES;
				IPHONEOS_DEPLOYMENT_TARGET = 9.2;
				MTL_ENABLE_DEBUG_INFO = YES;
				ONLY_ACTIVE_ARCH = YES;
				SDKROOT = iphoneos;
				TARGETED_DEVICE_FAMILY = "1,2";
			};
			name = Debug;
		};
		E4D9AA491C8831AB00998350 /* Release */ = {
			isa = XCBuildConfiguration;
			buildSettings = {
				ALWAYS_SEARCH_USER_PATHS = NO;
				CLANG_CXX_LANGUAGE_STANDARD = "gnu++0x";
				CLANG_CXX_LIBRARY = "libc++";
				CLANG_ENABLE_MODULES = YES;
				CLANG_ENABLE_OBJC_ARC = YES;
				CLANG_WARN_BOOL_CONVERSION = YES;
				CLANG_WARN_CONSTANT_CONVERSION = YES;
				CLANG_WARN_DIRECT_OBJC_ISA_USAGE = YES_ERROR;
				CLANG_WARN_EMPTY_BODY = YES;
				CLANG_WARN_ENUM_CONVERSION = YES;
				CLANG_WARN_INT_CONVERSION = YES;
				CLANG_WARN_OBJC_ROOT_CLASS = YES_ERROR;
				CLANG_WARN_UNREACHABLE_CODE = YES;
				CLANG_WARN__DUPLICATE_METHOD_MATCH = YES;
				"CODE_SIGN_IDENTITY[sdk=iphoneos*]" = "iPhone Developer";
				COPY_PHASE_STRIP = NO;
				DEBUG_INFORMATION_FORMAT = "dwarf-with-dsym";
				ENABLE_NS_ASSERTIONS = NO;
				ENABLE_STRICT_OBJC_MSGSEND = YES;
				GCC_C_LANGUAGE_STANDARD = gnu99;
				GCC_NO_COMMON_BLOCKS = YES;
				GCC_WARN_64_TO_32_BIT_CONVERSION = YES;
				GCC_WARN_ABOUT_RETURN_TYPE = YES_ERROR;
				GCC_WARN_UNDECLARED_SELECTOR = YES;
				GCC_WARN_UNINITIALIZED_AUTOS = YES_AGGRESSIVE;
				GCC_WARN_UNUSED_FUNCTION = YES;
				GCC_WARN_UNUSED_VARIABLE = YES;
				IPHONEOS_DEPLOYMENT_TARGET = 9.2;
				MTL_ENABLE_DEBUG_INFO = NO;
				SDKROOT = iphoneos;
				TARGETED_DEVICE_FAMILY = "1,2";
				VALIDATE_PRODUCT = YES;
			};
			name = Release;
		};
		E4D9AA4B1C8831AB00998350 /* Debug */ = {
			isa = XCBuildConfiguration;
			buildSettings = {
				ASSETCATALOG_COMPILER_APPICON_NAME = AppIcon;
				CLANG_ENABLE_MODULES = YES;
				INFOPLIST_FILE = iOSMixedProgrammingDemo/Info.plist;
				LD_RUNPATH_SEARCH_PATHS = "$(inherited) @executable_path/Frameworks";
				PRODUCT_BUNDLE_IDENTIFIER = com.xiaojukeji.didi.iOSMixedProgrammingDemo;
				PRODUCT_NAME = "$(TARGET_NAME)";
				SWIFT_OBJC_BRIDGING_HEADER = "iOSMixedProgrammingDemo/iOSMixedProgrammingDemo-Bridging-Header.h";
				SWIFT_OPTIMIZATION_LEVEL = "-Onone";
			};
			name = Debug;
		};
		E4D9AA4C1C8831AB00998350 /* Release */ = {
			isa = XCBuildConfiguration;
			buildSettings = {
				ASSETCATALOG_COMPILER_APPICON_NAME = AppIcon;
				CLANG_ENABLE_MODULES = YES;
				INFOPLIST_FILE = iOSMixedProgrammingDemo/Info.plist;
				LD_RUNPATH_SEARCH_PATHS = "$(inherited) @executable_path/Frameworks";
				PRODUCT_BUNDLE_IDENTIFIER = com.xiaojukeji.didi.iOSMixedProgrammingDemo;
				PRODUCT_NAME = "$(TARGET_NAME)";
				SWIFT_OBJC_BRIDGING_HEADER = "iOSMixedProgrammingDemo/iOSMixedProgrammingDemo-Bridging-Header.h";
			};
			name = Release;
		};
/* End XCBuildConfiguration section */

/* Begin XCConfigurationList section */
		E4D9AA2E1C8831AA00998350 /* Build configuration list for PBXProject "iOSMixedProgrammingDemo" */ = {
			isa = XCConfigurationList;
			buildConfigurations = (
				E4D9AA481C8831AB00998350 /* Debug */,
				E4D9AA491C8831AB00998350 /* Release */,
			);
			defaultConfigurationIsVisible = 0;
			defaultConfigurationName = Release;
		};
		E4D9AA4A1C8831AB00998350 /* Build configuration list for PBXNativeTarget "iOSMixedProgrammingDemo" */ = {
			isa = XCConfigurationList;
			buildConfigurations = (
				E4D9AA4B1C8831AB00998350 /* Debug */,
				E4D9AA4C1C8831AB00998350 /* Release */,
			);
			defaultConfigurationIsVisible = 0;
		};
/* End XCConfigurationList section */
	};
	rootObject = E4D9AA2B1C8831AA00998350 /* Project object */;
}
